
Microsoft Visual Studio Solution File, Format Version 12.00
# Visual Studio Version 16
VisualStudioVersion = 16.0.30204.135
MinimumVisualStudioVersion = 10.0.40219.1
Project("{FAE04EC0-301F-11D3-BF4B-00C04F79EFBC}") = "Lab 3", "Lab 3\Lab 3.csproj", "{338BA444-B0AD-4DE6-B509-C7FEA04288B8}"
EndProject
Project("{FAE04EC0-301F-11D3-BF4B-00C04F79EFBC}") = "Lab 3B", "Lab 3B\Lab 3B.csproj", "{9F676B28-06E6-4950-A780-C6D4DEA74C7D}"
EndProject
Global
	GlobalSection(SolutionConfigurationPlatforms) = preSolution
		Debug|Any CPU = Debug|Any CPU
		Release|Any CPU = Release|Any CPU
	EndGlobalSection
	GlobalSection(ProjectConfigurationPlatforms) = postSolution
		{338BA444-B0AD-4DE6-B509-C7FEA04288B8}.Debug|Any CPU.ActiveCfg = Debug|Any CPU
		{338BA444-B0AD-4DE6-B509-C7FEA04288B8}.Debug|Any CPU.Build.0 = Debug|Any CPU
		{338BA444-B0AD-4DE6-B509-C7FEA04288B8}.Release|Any CPU.ActiveCfg = Release|Any CPU
		{338BA444-B0AD-4DE6-B509-C7FEA04288B8}.Release|Any CPU.Build.0 = Release|Any CPU
		{9F676B28-06E6-4950-A780-C6D4DEA74C7D}.Debug|Any CPU.ActiveCfg = Debug|Any CPU
		{9F676B28-06E6-4950-A780-C6D4DEA74C7D}.Debug|Any CPU.Build.0 = Debug|Any CPU
		{9F676B28-06E6-4950-A780-C6D4DEA74C7D}.Release|Any CPU.ActiveCfg = Release|Any CPU
		{9F676B28-06E6-4950-A780-C6D4DEA74C7D}.Release|Any CPU.Build.0 = Release|Any CPU
	EndGlobalSection
	GlobalSection(SolutionProperties) = preSolution
		HideSolutionNode = FALSE
	EndGlobalSection
	GlobalSection(ExtensibilityGlobals) = postSolution
		SolutionGuid = {101486A1-B076-4EDB-B10E-EED0FDFF77CC}
	EndGlobalSection
EndGlobal
